
Microsoft Visual Studio Solution File, Format Version 12.00
# Visual Studio Version 17
VisualStudioVersion = 17.9.34622.214
MinimumVisualStudioVersion = 10.0.40219.1
Project("{FAE04EC0-301F-11D3-BF4B-00C04F79EFBC}") = "ExerciseTracker", "ExerciseTracker.csproj", "{EC4745F7-86D5-4436-BA85-9F7E57CE7FC3}"
EndProject
Global
	GlobalSection(SolutionConfigurationPlatforms) = preSolution
		Debug|Any CPU = Debug|Any CPU
		Release|Any CPU = Release|Any CPU
	EndGlobalSection
	GlobalSection(ProjectConfigurationPlatforms) = postSolution
		{EC4745F7-86D5-4436-BA85-9F7E57CE7FC3}.Debug|Any CPU.ActiveCfg = Debug|Any CPU
		{EC4745F7-86D5-4436-BA85-9F7E57CE7FC3}.Debug|Any CPU.Build.0 = Debug|Any CPU
		{EC4745F7-86D5-4436-BA85-9F7E57CE7FC3}.Release|Any CPU.ActiveCfg = Release|Any CPU
		{EC4745F7-86D5-4436-BA85-9F7E57CE7FC3}.Release|Any CPU.Build.0 = Release|Any CPU
	EndGlobalSection
	GlobalSection(SolutionProperties) = preSolution
		HideSolutionNode = FALSE
	EndGlobalSection
	GlobalSection(ExtensibilityGlobals) = postSolution
		SolutionGuid = {FA25F678-5700-408B-A816-F84092E07178}
	EndGlobalSection
EndGlobal
